PODS:
  - Flutter (1.0.0)
  - flutter_web_browser (0.0.1):
    - Flutter

DEPENDENCIES:
  - Flutter (from `/Users/yannik/development/flutter/bin/cache/artifacts/engine/ios`)
  - flutter_web_browser (from `/Users/yannik/Documents/Fehse/flutter_web_browser/ios`)

EXTERNAL SOURCES:
  Flutter:
    :path: "/Users/yannik/development/flutter/bin/cache/artifacts/engine/ios"
  flutter_web_browser:
    :path: "/Users/yannik/Documents/Fehse/flutter_web_browser/ios"

SPEC CHECKSUMS:
  Flutter: 9d0fac939486c9aba2809b7982dfdbb47a7b0296
  flutter_web_browser: 6a716fdf08f528f7c527eeae1fef13680172bb81

PODFILE CHECKSUM: 351e02e34b831289961ec3558a535cbd2c4965d2

COCOAPODS: 1.5.0
